
Microsoft Visual Studio Solution File, Format Version 12.00
# Visual Studio Version 16
VisualStudioVersion = 16.0.810.6
MinimumVisualStudioVersion = 10.0.40219.1
Project("{FAE04EC0-301F-11D3-BF4B-00C04F79EFBC}") = "OddAndEven", "OddAndEven\OddAndEven.csproj", "{23F1AFBA-6043-4601-8968-A4EA68B911BC}"
EndProject
Global
	GlobalSection(SolutionConfigurationPlatforms) = preSolution
		Debug|Any CPU = Debug|Any CPU
		Release|Any CPU = Release|Any CPU
	EndGlobalSection
	GlobalSection(ProjectConfigurationPlatforms) = postSolution
		{23F1AFBA-6043-4601-8968-A4EA68B911BC}.Debug|Any CPU.ActiveCfg = Debug|Any CPU
		{23F1AFBA-6043-4601-8968-A4EA68B911BC}.Debug|Any CPU.Build.0 = Debug|Any CPU
		{23F1AFBA-6043-4601-8968-A4EA68B911BC}.Release|Any CPU.ActiveCfg = Release|Any CPU
		{23F1AFBA-6043-4601-8968-A4EA68B911BC}.Release|Any CPU.Build.0 = Release|Any CPU
	EndGlobalSection
	GlobalSection(SolutionProperties) = preSolution
		HideSolutionNode = FALSE
	EndGlobalSection
	GlobalSection(ExtensibilityGlobals) = postSolution
		SolutionGuid = {242F2D0C-8F89-429E-8A1B-BE40C049AAA5}
	EndGlobalSection
EndGlobal
