
Microsoft Visual Studio Solution File, Format Version 12.00
# Visual Studio Version 16
VisualStudioVersion = 16.0.810.7
MinimumVisualStudioVersion = 10.0.40219.1
Project("{FAE04EC0-301F-11D3-BF4B-00C04F79EFBC}") = "FlipCoin", "FlipCoin\FlipCoin.csproj", "{08CA23FF-896B-45ED-9A49-404C5C2A9409}"
EndProject
Global
	GlobalSection(SolutionConfigurationPlatforms) = preSolution
		Debug|Any CPU = Debug|Any CPU
		Release|Any CPU = Release|Any CPU
	EndGlobalSection
	GlobalSection(ProjectConfigurationPlatforms) = postSolution
		{08CA23FF-896B-45ED-9A49-404C5C2A9409}.Debug|Any CPU.ActiveCfg = Debug|Any CPU
		{08CA23FF-896B-45ED-9A49-404C5C2A9409}.Debug|Any CPU.Build.0 = Debug|Any CPU
		{08CA23FF-896B-45ED-9A49-404C5C2A9409}.Release|Any CPU.ActiveCfg = Release|Any CPU
		{08CA23FF-896B-45ED-9A49-404C5C2A9409}.Release|Any CPU.Build.0 = Release|Any CPU
	EndGlobalSection
	GlobalSection(SolutionProperties) = preSolution
		HideSolutionNode = FALSE
	EndGlobalSection
	GlobalSection(ExtensibilityGlobals) = postSolution
		SolutionGuid = {8F1DFF5F-00DE-4BD1-89B9-38316650EA6B}
	EndGlobalSection
EndGlobal
