
Microsoft Visual Studio Solution File, Format Version 12.00
# Visual Studio Version 16
VisualStudioVersion = 16.0.810.6
MinimumVisualStudioVersion = 10.0.40219.1
Project("{FAE04EC0-301F-11D3-BF4B-00C04F79EFBC}") = "FindingVowels", "FindingVowels\FindingVowels.csproj", "{18A72A5D-5E34-40E6-AF7A-1FE5748AC84C}"
EndProject
Global
	GlobalSection(SolutionConfigurationPlatforms) = preSolution
		Debug|Any CPU = Debug|Any CPU
		Release|Any CPU = Release|Any CPU
	EndGlobalSection
	GlobalSection(ProjectConfigurationPlatforms) = postSolution
		{18A72A5D-5E34-40E6-AF7A-1FE5748AC84C}.Debug|Any CPU.ActiveCfg = Debug|Any CPU
		{18A72A5D-5E34-40E6-AF7A-1FE5748AC84C}.Debug|Any CPU.Build.0 = Debug|Any CPU
		{18A72A5D-5E34-40E6-AF7A-1FE5748AC84C}.Release|Any CPU.ActiveCfg = Release|Any CPU
		{18A72A5D-5E34-40E6-AF7A-1FE5748AC84C}.Release|Any CPU.Build.0 = Release|Any CPU
	EndGlobalSection
	GlobalSection(SolutionProperties) = preSolution
		HideSolutionNode = FALSE
	EndGlobalSection
	GlobalSection(ExtensibilityGlobals) = postSolution
		SolutionGuid = {9F81FD1B-325F-4458-91A6-1EB4CDE9F08D}
	EndGlobalSection
EndGlobal
